
Microsoft Visual Studio Solution File, Format Version 12.00
# Visual Studio 15
VisualStudioVersion = 15.0.28307.1062
MinimumVisualStudioVersion = 10.0.40219.1
Project("{FAE04EC0-301F-11D3-BF4B-00C04F79EFBC}") = "SaniMedicalTest", "SaniMedicalTest\SaniMedicalTest.csproj", "{8CE6FFD2-11FD-47F2-81D4-8E3C7A0217C1}"
EndProject
Global
	GlobalSection(SolutionConfigurationPlatforms) = preSolution
		Debug|Any CPU = Debug|Any CPU
		Release|Any CPU = Release|Any CPU
	EndGlobalSection
	GlobalSection(ProjectConfigurationPlatforms) = postSolution
		{8CE6FFD2-11FD-47F2-81D4-8E3C7A0217C1}.Debug|Any CPU.ActiveCfg = Debug|Any CPU
		{8CE6FFD2-11FD-47F2-81D4-8E3C7A0217C1}.Debug|Any CPU.Build.0 = Debug|Any CPU
		{8CE6FFD2-11FD-47F2-81D4-8E3C7A0217C1}.Release|Any CPU.ActiveCfg = Release|Any CPU
		{8CE6FFD2-11FD-47F2-81D4-8E3C7A0217C1}.Release|Any CPU.Build.0 = Release|Any CPU
	EndGlobalSection
	GlobalSection(SolutionProperties) = preSolution
		HideSolutionNode = FALSE
	EndGlobalSection
	GlobalSection(ExtensibilityGlobals) = postSolution
		SolutionGuid = {32C3B992-1799-4C4A-9CFE-140960BF7379}
	EndGlobalSection
EndGlobal
